version = 1
revision = 3
requires-python = "==3.12.*"
resolution-markers = [
    "platform_machine == 'ARM64' and sys_platform == 'win32'",
    "platform_machine != 'ARM64' or sys_platform != 'win32'",
]

[[package]]
name = "booz-xform"
version = "0.1.0"
source = { registry = "https://pypi.org/simple" }
dependencies = [
    { name = "numpy" },
]
sdist = { url = "https://files.pythonhosted.org/packages/19/f0/cde1a3b26a8a644e31631ce3e8a71a5a97ff708d269bd94795ebcd498dd2/booz_xform-0.1.0.tar.gz", hash = "sha256:2b2d8ede0ff65260168108921aa08245969883ac6a0d5ab23e04815d97e045ce", size = 1086636, upload-time = "2026-07-31T11:45:53.491Z" }
wheels = [
    { url = "https://files.pythonhosted.org/packages/78/9c/43f8322028dace65501a27b6602168f3beb1e82bdd5065c21c4840c01c47/booz_xform-0.1.0-cp312-cp312-macosx_14_0_arm64.whl", hash = "sha256:67d0c2f51b90e7d44bdaebbec47a95ab1d5658927181ca76db8fd61cd14d6e53", size = 2479742, upload-time = "2026-07-31T11:45:32.701Z" },
    { url = "https://files.pythonhosted.org/packages/8b/d5/7706090fd645cf45f7de8bf8f95b9dce967200a91cd07ff26a3eef8b7081/booz_xform-0.1.0-cp312-cp312-macosx_15_0_x86_64.whl", hash = "sha256:419a8a7c2550eb223437b79de27c9b3db38e6fc4a6645f0f8b388f876a6e59a6", size = 2928732, upload-time = "2026-07-31T11:45:34.422Z" },
    { url = "https://files.pythonhosted.org/packages/e4/77/c2ecc82fe77050cde21cae8e5a681b01ea05f83ea8dcb50a384872261b61/booz_xform-0.1.0-cp312-cp312-manylinux_2_27_aarch64.manylinux_2_28_aarch64.whl", hash = "sha256:df782d4c5686ebd6b4429a09ca9e1f426270f0f8529faecf5210478af8892cc8", size = 6925791, upload-time = "2026-07-31T11:45:36.24Z" },
    { url = "https://files.pythonhosted.org/packages/cd/26/95faa7e014a4d980a0f24b2a8f4b2be102c23eea7525af4d3ac554aa4056/booz_xform-0.1.0-cp312-cp312-manylinux_2_27_x86_64.manylinux_2_28_x86_64.whl", hash = "sha256:6e1c884a464eee05e17af3a8ef09eae833ced342262371fe4ff2280816ef16f9", size = 7173476, upload-time = "2026-07-31T11:45:37.908Z" },
]

[[package]]
name = "certifi"
version = "2026.7.22"
source = { registry = "https://pypi.org/simple" }
sdist = { url = "https://files.pythonhosted.org/packages/a3/c2/24167ea9858356b47a87a50d39908bfdb72ceeefe0041586e704e5376b3a/certifi-2026.7.22.tar.gz", hash = "sha256:741e2c3b351ddf169a738da9f2c048608ff7f2c5cc02f1ebc6b118bb090d5d55", size = 138112, upload-time = "2026-07-22T03:35:12.644Z" }
wheels = [
    { url = "https://files.pythonhosted.org/packages/0b/a7/71ac2cff56fec219ed242bb11b8efb69fcc4bec75db06fb7bfe35de520e6/certifi-2026.7.22-py3-none-any.whl", hash = "sha256:62f22742b58a1a33014a2b6b706588a8d7e2a88ae7bd1a6ebe8c992928483775", size = 136983, upload-time = "2026-07-22T03:35:11.276Z" },
]

[[package]]
name = "cftime"
version = "1.6.5"
source = { registry = "https://pypi.org/simple" }
dependencies = [
    { name = "numpy" },
]
sdist = { url = "https://files.pythonhosted.org/packages/65/dc/470ffebac2eb8c54151eb893055024fe81b1606e7c6ff8449a588e9cd17f/cftime-1.6.5.tar.gz", hash = "sha256:8225fed6b9b43fb87683ebab52130450fc1730011150d3092096a90e54d1e81e", size = 326605, upload-time = "2025-10-13T18:56:26.352Z" }
wheels = [
    { url = "https://files.pythonhosted.org/packages/b6/c1/e8cb7f78a3f87295450e7300ebaecf83076d96a99a76190593d4e1d2be40/cftime-1.6.5-cp312-cp312-macosx_10_13_x86_64.whl", hash = "sha256:eef25caed5ebd003a38719bd3ff8847cd52ef2ea56c3ebdb2c9345ba131fc7c5", size = 504175, upload-time = "2025-10-13T18:56:06.398Z" },
    { url = "https://files.pythonhosted.org/packages/50/1a/86e1072b09b2f9049bb7378869f64b6747f96a4f3008142afed8955b52a4/cftime-1.6.5-cp312-cp312-macosx_11_0_arm64.whl", hash = "sha256:c87d2f3b949e45463e559233c69e6a9cf691b2b378c1f7556166adfabbd1c6b0", size = 485980, upload-time = "2025-10-13T18:56:08.669Z" },
    { url = "https://files.pythonhosted.org/packages/35/28/d3177b60da3f308b60dee2aef2eb69997acfab1e863f0bf0d2a418396ce5/cftime-1.6.5-cp312-cp312-manylinux2014_aarch64.manylinux_2_17_aarch64.whl", hash = "sha256:82cb413973cc51b55642b3a1ca5b28db5b93a294edbef7dc049c074b478b4647", size = 1591166, upload-time = "2025-10-13T19:39:14.109Z" },
    { url = "https://files.pythonhosted.org/packages/d1/fd/a7266970312df65e68b5641b86e0540a739182f5e9c62eec6dbd29f18055/cftime-1.6.5-cp312-cp312-manylinux2014_x86_64.manylinux_2_17_x86_64.whl", hash = "sha256:85ba8e7356d239cfe56ef7707ac30feaf67964642ac760a82e507ee3c5db4ac4", size = 1642614, upload-time = "2025-10-13T18:56:09.815Z" },
    { url = "https://files.pythonhosted.org/packages/c4/73/f0035a4bc2df8885bb7bd5fe63659686ea1ec7d0cc74b4e3d50e447402e5/cftime-1.6.5-cp312-cp312-musllinux_1_2_x86_64.whl", hash = "sha256:456039af7907a3146689bb80bfd8edabd074c7f3b4eca61f91b9c2670addd7ad", size = 1688090, upload-time = "2025-10-13T18:56:11.442Z" },
    { url = "https://files.pythonhosted.org/packages/88/15/8856a0ab76708553ff597dd2e617b088c734ba87dc3fd395e2b2f3efffe8/cftime-1.6.5-cp312-cp312-win_amd64.whl", hash = "sha256:da84534c43699960dc980a9a765c33433c5de1a719a4916748c2d0e97a071e44", size = 464840, upload-time = "2025-10-13T18:56:12.506Z" },
    { url = "https://files.pythonhosted.org/packages/3a/85/451009a986d9273d2208fc0898aa00262275b5773259bf3f942f6716a9e7/cftime-1.6.5-cp312-cp312-win_arm64.whl", hash = "sha256:c62cd8db9ea40131eea7d4523691c5d806d3265d31279e4a58574a42c28acd77", size = 450534, upload-time = "2026-01-02T21:16:48.784Z" },
]

[[package]]
name = "fusion-baselines-neo-jax"
version = "0.1.0"
source = { virtual = "." }
dependencies = [
    { name = "booz-xform" },
    { name = "neo-jax" },
]

[package.metadata]
requires-dist = [
    { name = "booz-xform", specifier = "==0.1.0" },
    { name = "neo-jax", specifier = "==1.0.1" },
]

[[package]]
name = "jax"
version = "0.11.1"
source = { registry = "https://pypi.org/simple" }
dependencies = [
    { name = "jaxlib" },
    { name = "ml-dtypes" },
    { name = "numpy" },
    { name = "opt-einsum" },
    { name = "scipy" },
]
sdist = { url = "https://files.pythonhosted.org/packages/90/aa/c3b6ac3863a490661e255d2356802b54d57b533460fa221d30743d81a6c1/jax-0.11.1.tar.gz", hash = "sha256:43e0d45b1dac002eca04c2de73298395225dd0d4651e3f573a540eaa18abfd80", size = 2864119, upload-time = "2026-08-17T20:31:29.938Z" }
wheels = [
    { url = "https://files.pythonhosted.org/packages/8f/f4/5f9a286e1eeca9faa8b83885edccf63ab2f1b22e17f6a5ea66ac86b1afe4/jax-0.11.1-py3-none-any.whl", hash = "sha256:72ed60bf85a0b53d0f5b5cd61e37a8b25f369f6f88481feb98ab489894861a82", size = 3302513, upload-time = "2026-08-17T20:29:00.294Z" },
]

[[package]]
name = "jaxlib"
version = "0.11.1"
source = { registry = "https://pypi.org/simple" }
dependencies = [
    { name = "ml-dtypes" },
    { name = "numpy" },
    { name = "scipy" },
]
wheels = [
    { url = "https://files.pythonhosted.org/packages/6a/b4/9a7caf8704536e694ab8b4286eb4afa2224f3f75283f370d2246343e7bbc/jaxlib-0.11.1-cp312-cp312-macosx_11_0_arm64.whl", hash = "sha256:384f633331c012491ccd65c38d47cd80d4131f5b3852694766bffa9385ddc9f3", size = 63173264, upload-time = "2026-08-17T20:30:07.721Z" },
    { url = "https://files.pythonhosted.org/packages/77/d9/26613efbc0e219ef16b6069c38378a9b360f85926573e1995c391e48d73e/jaxlib-0.11.1-cp312-cp312-manylinux_2_27_aarch64.whl", hash = "sha256:47bab3a7da8a818f9e7ddecd4ed815429caa2840eda9e968bb6d33b9d8c52067", size = 82772925, upload-time = "2026-08-17T20:30:11.388Z" },
    { url = "https://files.pythonhosted.org/packages/05/41/07c259ea10a5eeb100a66222507e2ce3a01474fa8f13c250bf1a3559a5bb/jaxlib-0.11.1-cp312-cp312-manylinux_2_27_x86_64.whl", hash = "sha256:c3dcec3bb33ebf5c76dc33f962c796652c077edb246464fa32cb1d8fcb6087e6", size = 87903454, upload-time = "2026-08-17T20:30:14.889Z" },
    { url = "https://files.pythonhosted.org/packages/77/d7/555041e5d4116c0aaf8ff513b380da38df547844c30c7c1d41c36e18d12b/jaxlib-0.11.1-cp312-cp312-win_amd64.whl", hash = "sha256:eef943b42d6d42a2b2f3dc2a66e7a3dc89aeb1541f5a13ad8e1e94001bb590ec", size = 68531585, upload-time = "2026-08-17T20:30:18.488Z" },
]

[[package]]
name = "ml-dtypes"
version = "0.6.0"
source = { registry = "https://pypi.org/simple" }
dependencies = [
    { name = "numpy" },
]
sdist = { url = "https://files.pythonhosted.org/packages/12/72/307d7c4bd0600601c7133fba5cb78af7db968152951c1cd473abb1cda782/ml_dtypes-0.6.0.tar.gz", hash = "sha256:5e60251d32ced5598972e4d5e06a2f044341f9291402551a3f6f0ec44f9299b0", size = 3032327, upload-time = "2026-08-13T14:14:40.215Z" }
wheels = [
    { url = "https://files.pythonhosted.org/packages/84/6a/441eb053b078954f7fea284dfb288701884d0a1404d39babb858e1649023/ml_dtypes-0.6.0-cp312-cp312-macosx_10_13_universal2.whl", hash = "sha256:5359c588cc62de6f78d7430f06b65853d884955494d86d6ad90b6dd64a3f3a08", size = 565447, upload-time = "2026-08-13T14:14:01.737Z" },
    { url = "https://files.pythonhosted.org/packages/ed/cf/87e8a6c57eed63a91782a0d229856ddf73e138ce004dd71e2799a9dcdb33/ml_dtypes-0.6.0-cp312-cp312-manylinux_2_27_aarch64.manylinux_2_28_aarch64.whl", hash = "sha256:37da32aa97749251025666d62372775019594577b9c9e9cfda83bed48d778fdb", size = 360227, upload-time = "2026-08-13T14:14:02.938Z" },
    { url = "https://files.pythonhosted.org/packages/c7/f9/7d76c1eae866f5d4636401b31b6d6dd90e4b4ced1fa7cfdfcca9c60e4bd3/ml_dtypes-0.6.0-cp312-cp312-manylinux_2_27_x86_64.manylinux_2_28_x86_64.whl", hash = "sha256:3b4a480aa8fd54a1805b8ac10f3f91763926a74f73c0c364c10f9231854f4170", size = 409890, upload-time = "2026-08-13T14:14:04.248Z" },
    { url = "https://files.pythonhosted.org/packages/ba/db/9c61ec2760b5cbfb1c6558d5c991a6d8fd3271053c32db20506a9a90272b/ml_dtypes-0.6.0-cp312-cp312-win_amd64.whl", hash = "sha256:2a3e9d53925597fbffafd2a37048dadeddd0bdaba58058f6ae0869ed709a184d", size = 439333, upload-time = "2026-08-13T14:14:05.501Z" },
    { url = "https://files.pythonhosted.org/packages/6a/57/780ca3e5ab135b9fbdd8e5441abf5f801b30398371b691291e05ab9834c0/ml_dtypes-0.6.0-cp312-cp312-win_arm64.whl", hash = "sha256:6eaed129a4afe90694b8685e2f9b6294849f5eda4af9a15be83a4326eeebd775", size = 552268, upload-time = "2026-08-13T14:14:06.866Z" },
]

[[package]]
name = "neo-jax"
version = "1.0.1"
source = { registry = "https://pypi.org/simple" }
dependencies = [
    { name = "jax" },
    { name = "jaxlib" },
    { name = "netcdf4" },
    { name = "numpy" },
    { name = "scipy" },
]
sdist = { url = "https://files.pythonhosted.org/packages/87/e5/3e7827e598ebaf70565d516502d08f0d848500aaf3efbf558d01e5a196e2/neo_jax-1.0.1.tar.gz", hash = "sha256:533cc767b294634a19e938e4491c196711ad27de1d19e55baa9b67550d58bf4a", size = 61066, upload-time = "2026-04-18T17:00:20.725Z" }
wheels = [
    { url = "https://files.pythonhosted.org/packages/68/11/9fa732775e3a1a4763b131465b83ba8d77385f2e61959e9dcfe72afacfbf/neo_jax-1.0.1-py3-none-any.whl", hash = "sha256:0dbc9b620a49251bef07f8b638eae9ced8eca34b29a03d1fa792aaeac5cdab83", size = 61110, upload-time = "2026-04-18T17:00:19.353Z" },
]

[[package]]
name = "netcdf4"
version = "1.7.4"
source = { registry = "https://pypi.org/simple" }
dependencies = [
    { name = "certifi" },
    { name = "cftime" },
    { name = "numpy" },
]
sdist = { url = "https://files.pythonhosted.org/packages/34/b6/0370bb3af66a12098da06dc5843f3b349b7c83ccbdf7306e7afa6248b533/netcdf4-1.7.4.tar.gz", hash = "sha256:cdbfdc92d6f4d7192ca8506c9b3d4c1d9892969ff28d8e8e1fc97ca08bf12164", size = 838352, upload-time = "2026-01-05T02:27:38.593Z" }
wheels = [
    { url = "https://files.pythonhosted.org/packages/38/de/38ed7e1956943d28e8ea74161e97c3a00fb98d6d08943b4fd21bae32c240/netcdf4-1.7.4-cp311-abi3-macosx_13_0_x86_64.whl", hash = "sha256:dec70e809cc65b04ebe95113ee9c85ba46a51c3a37c058d2b2b0cadc4d3052d8", size = 23427499, upload-time = "2026-01-05T02:27:06.568Z" },
    { url = "https://files.pythonhosted.org/packages/e5/70/2f73c133b71709c412bc81d8b721e28dc6237ba9d7dad861b7bfbb70408a/netcdf4-1.7.4-cp311-abi3-macosx_14_0_arm64.whl", hash = "sha256:75cf59100f0775bc4d6b9d4aca7cbabd12e2b8cf3b9a4fb16d810b92743a315a", size = 22847667, upload-time = "2026-01-05T02:27:09.421Z" },
    { url = "https://files.pythonhosted.org/packages/77/ce/43a3c0c41a6e2e940d87feea79d29aa88302211ac122604838f8a5a48de6/netcdf4-1.7.4-cp311-abi3-manylinux_2_27_aarch64.manylinux_2_28_aarch64.whl", hash = "sha256:ddfc7e9d261125c74708119440c85ea288b5fee41db676d2ba1ce9be11f96932", size = 10274769, upload-time = "2026-01-05T21:31:19.243Z" },
    { url = "https://files.pythonhosted.org/packages/7b/7a/a8d32501bb95ecff342004a674720164f95ad616f269450b3bc13dc88ae3/netcdf4-1.7.4-cp311-abi3-manylinux_2_27_x86_64.manylinux_2_28_x86_64.whl", hash = "sha256:a72c9f58767779ec14cb7451c3b56bdd8fdc027a792fac2062b14e090c5617f3", size = 10123122, upload-time = "2026-01-05T21:31:22.773Z" },
    { url = "https://files.pythonhosted.org/packages/18/68/e89b4fa9242e59326c849c39ce0f49eb68499603c639405a8449900a4f15/netcdf4-1.7.4-cp311-abi3-win_amd64.whl", hash = "sha256:9476e1f23161ae5159cd1548c50c8a37922e77d76583e247133f256ef7b825fc", size = 21299637, upload-time = "2026-01-05T02:27:11.856Z" },
    { url = "https://files.pythonhosted.org/packages/6c/fc/edd41a3607241027aa4533e7f18e0cd647e74dde10a63274c65350f59967/netcdf4-1.7.4-cp311-abi3-win_arm64.whl", hash = "sha256:876ad9d58f09c98741c066c726164c45a098a58fb90e5fac9e74de4bb8a793fd", size = 2386377, upload-time = "2026-01-05T02:27:13.808Z" },
]

[[package]]
name = "numpy"
version = "2.5.2"
source = { registry = "https://pypi.org/simple" }
sdist = { url = "https://files.pythonhosted.org/packages/9a/80/db0b4559e57ec36362bedbb05530a87fafbcb6067708c946967a41d449e7/numpy-2.5.2.tar.gz", hash = "sha256:d482d171c406ae88c5b19cad3b6a1c4c5209f886ab74bc44c2c865c23f52d860", size = 20773161, upload-time = "2026-08-09T13:48:27.962Z" }
wheels = [
    { url = "https://files.pythonhosted.org/packages/69/72/dccb0aaf40972777283303919f613964227266d0c13adebb79ac124f1c3e/numpy-2.5.2-cp312-cp312-macosx_10_13_x86_64.whl", hash = "sha256:14e373cfc6387177e8409dac3c7159be8eb05cd77096cd7c950268b86f62831c", size = 16891693, upload-time = "2026-08-09T13:44:51.702Z" },
    { url = "https://files.pythonhosted.org/packages/60/2e/b5aee50a1f74ac815cf8331812cb8251e29024025de462e0c047641c614c/numpy-2.5.2-cp312-cp312-macosx_11_0_arm64.whl", hash = "sha256:4bbd96c833ecc8cc069ce518078fc8c60cb9cbfb0fea5b7a803ad65035596d03", size = 11903109, upload-time = "2026-08-09T13:44:55.501Z" },
    { url = "https://files.pythonhosted.org/packages/f3/f4/29e78102a80601cf034d4e9767022cffeca2c3b4c926e1754572ca95593d/numpy-2.5.2-cp312-cp312-macosx_14_0_arm64.whl", hash = "sha256:6e8172ddfcf5cf74b811d372b570b83c60bd2de87a6fbfbebdadb4a9bd9c6cbb", size = 5350202, upload-time = "2026-08-09T13:44:58.401Z" },
    { url = "https://files.pythonhosted.org/packages/11/4b/dcd3b7eadaf4035d2c7a4289d232523a6964f602598ef7674e4bd7291f93/numpy-2.5.2-cp312-cp312-macosx_14_0_x86_64.whl", hash = "sha256:65f188481f1669e26f62b701e8205d19e460fa4a9b52a1414ba382330e4a3414", size = 6687736, upload-time = "2026-08-09T13:45:00.813Z" },
    { url = "https://files.pythonhosted.org/packages/e5/21/4947e0e9d6c9fc2e2ff15b8949049ee44f63adb9cacc729ab8793f97e712/numpy-2.5.2-cp312-cp312-manylinux_2_27_aarch64.manylinux_2_28_aarch64.whl", hash = "sha256:8ee9c4eeb8454b3660a8b53493563c3e121c2fc94fbd72b848ef814ed7b676a9", size = 15612696, upload-time = "2026-08-09T13:45:04.151Z" },
    { url = "https://files.pythonhosted.org/packages/3a/5f/62d28cf019460c7f1394105b4d49d9911a9c444cb77ab0bd95a204c5a6de/numpy-2.5.2-cp312-cp312-manylinux_2_27_x86_64.manylinux_2_28_x86_64.whl", hash = "sha256:3cdec01fa790a186d430433fdd4d4ffb70eed6f0eeb4bf05c8dbe2dce0a9bcb8", size = 16722264, upload-time = "2026-08-09T13:45:07.714Z" },
    { url = "https://files.pythonhosted.org/packages/14/25/3f0be4c1b9fdf5dd5e708a6806978564d7c46a055c000496309ff2a2f8af/numpy-2.5.2-cp312-cp312-musllinux_1_2_aarch64.whl", hash = "sha256:7999d4ddb0c4025018373fd787510d46e04c769467af22869707b3c1cfd459ab", size = 16974396, upload-time = "2026-08-09T13:45:11.316Z" },
    { url = "https://files.pythonhosted.org/packages/22/72/6262cbdeeb45da9d971e40715f579d791603ba8ec0b5e2db1ac55454421d/numpy-2.5.2-cp312-cp312-musllinux_1_2_x86_64.whl", hash = "sha256:c1f017dc0875c9209d219f97feceb7d54c2661bb243deb4114478e1295808af7", size = 18476044, upload-time = "2026-08-09T13:45:14.869Z" },
    { url = "https://files.pythonhosted.org/packages/36/33/29208b8b075bde62d26a81d14b358c42b0f69b6cabd98d4ff97f37f22b05/numpy-2.5.2-cp312-cp312-win32.whl", hash = "sha256:d6a48072864e3324e194a8fbb3c657bcc5b5c869dbc64c9537b1d5c862572c0a", size = 6072817, upload-time = "2026-08-09T13:45:17.867Z" },
    { url = "https://files.pythonhosted.org/packages/7f/b9/87fea2769fe1c47c1b5b01d8310772c9d1a85d485de7cf386ef7a3332b02/numpy-2.5.2-cp312-cp312-win_amd64.whl", hash = "sha256:28ac63476ec7651484215ee7fa15a1f78b57c14621f01e392afe17b9a1390ce4", size = 12464674, upload-time = "2026-08-09T13:45:20.734Z" },
    { url = "https://files.pythonhosted.org/packages/14/52/032b97e00461ab0809bbe4c588b035620e5a14b8cdee47ecddefc7b17d33/numpy-2.5.2-cp312-cp312-win_arm64.whl", hash = "sha256:27650bb0e7140fa3d37b9923b4803645e0b125d190f326eecfd3f4dad8e8ade1", size = 10397131, upload-time = "2026-08-09T13:45:23.73Z" },
]

[[package]]
name = "opt-einsum"
version = "3.4.0"
source = { registry = "https://pypi.org/simple" }
sdist = { url = "https://files.pythonhosted.org/packages/8c/b9/2ac072041e899a52f20cf9510850ff58295003aa75525e58343591b0cbfb/opt_einsum-3.4.0.tar.gz", hash = "sha256:96ca72f1b886d148241348783498194c577fa30a8faac108586b14f1ba4473ac", size = 63004, upload-time = "2024-09-26T14:33:24.483Z" }
wheels = [
    { url = "https://files.pythonhosted.org/packages/23/cd/066e86230ae37ed0be70aae89aabf03ca8d9f39c8aea0dec8029455b5540/opt_einsum-3.4.0-py3-none-any.whl", hash = "sha256:69bb92469f86a1565195ece4ac0323943e83477171b91d24c35afe028a90d7cd", size = 71932, upload-time = "2024-09-26T14:33:23.039Z" },
]

[[package]]
name = "scipy"
version = "1.18.1"
source = { registry = "https://pypi.org/simple" }
dependencies = [
    { name = "numpy" },
]
sdist = { url = "https://files.pythonhosted.org/packages/7e/74/66de6258867beb2ef08f35f9f2ac017a52cacd5081714d239ff1a442d458/scipy-1.18.1.tar.gz", hash = "sha256:52c4b7422442aba924d03ad4019852b08a92e64ea187b933135687bfe2747307", size = 30781235, upload-time = "2026-08-21T23:28:50.599Z" }
wheels = [
    { url = "https://files.pythonhosted.org/packages/18/f7/240c110c08693826b4513a52f5717d62ec7c7af72f2920821247c03b17b3/scipy-1.18.1-cp312-cp312-macosx_10_15_x86_64.whl", hash = "sha256:457fd7a2a8edeb044ab6ffbc0aa03ff6cd18491356e5e0c834d76ce621b916d1", size = 31111061, upload-time = "2026-08-21T23:23:44.522Z" },
    { url = "https://files.pythonhosted.org/packages/05/4a/78c6285577c375e7cf27277ea8ee6961224327f1e1a0c44af5f17f23635c/scipy-1.18.1-cp312-cp312-macosx_12_0_arm64.whl", hash = "sha256:e708533e8b2ae2497d65346538a7dcc92814410b25b81432eac66de0f2af8265", size = 28733332, upload-time = "2026-08-21T23:23:50.015Z" },
    { url = "https://files.pythonhosted.org/packages/a5/f6/a5b82f8abbe14d134691b8b903696f701d25a081353a29dc655c364d9e62/scipy-1.18.1-cp312-cp312-macosx_14_0_arm64.whl", hash = "sha256:7bbf207c4453ce1ad2e00b17313852b33310b83090c2311bdaf97f93c0380d12", size = 20475078, upload-time = "2026-08-21T23:23:54.138Z" },
    { url = "https://files.pythonhosted.org/packages/23/22/0858a0bbd6b3e825ceb8cd9baf9eaf3b2f2b1d77727eb6be40500bcdc92f/scipy-1.18.1-cp312-cp312-macosx_14_0_x86_64.whl", hash = "sha256:78c0665edead396b1abb4897c41a5c1d9bf090c8a637a4c20a61678e0a264e66", size = 23108904, upload-time = "2026-08-21T23:23:57.824Z" },
    { url = "https://files.pythonhosted.org/packages/75/9a/2e71719f31eaefe0e3a1706c4a1ded94e664bfd95ffca2b219a671faee01/scipy-1.18.1-cp312-cp312-manylinux_2_27_aarch64.manylinux_2_28_aarch64.whl", hash = "sha256:3c085faa2cfa879c5141df483f836f4d691045a078224a670fa570fa01612d89", size = 34025113, upload-time = "2026-08-21T23:24:02.209Z" },
    { url = "https://files.pythonhosted.org/packages/df/64/ff35eb9e54894cf471ff4716abd3c81eb0a0626869217ce3e6ba4ccf17d7/scipy-1.18.1-cp312-cp312-manylinux_2_27_x86_64.manylinux_2_28_x86_64.whl", hash = "sha256:f55fa87b6c612ecd6b058f167c53231b1d14e412efe361d3d6e38b3631c73218", size = 35344199, upload-time = "2026-08-21T23:24:07.844Z" },
    { url = "https://files.pythonhosted.org/packages/d3/af/c5538be1792f7034c12c7db6ee67cace58253c7b87b122d68253eaf5de89/scipy-1.18.1-cp312-cp312-musllinux_1_2_aarch64.whl", hash = "sha256:c35d74ce0e193ff740c2f2be2ac913ddc232fe6c1ff40b26cfecb9c670c63314", size = 35639587, upload-time = "2026-08-21T23:24:13.05Z" },
    { url = "https://files.pythonhosted.org/packages/91/4c/075e4f66471bac101141ac739e9e135549be1bae584571bd03a530c056e1/scipy-1.18.1-cp312-cp312-musllinux_1_2_x86_64.whl", hash = "sha256:d2924a03db38dc2e848bca2fe9f077dafb891480b91a00a0963a8cf86dfc31c1", size = 37480330, upload-time = "2026-08-21T23:24:19.608Z" },
    { url = "https://files.pythonhosted.org/packages/39/e7/979fd14e75008623df31ba70d6bb144700f68feadcea042021c06a05bf82/scipy-1.18.1-cp312-cp312-win_amd64.whl", hash = "sha256:5e4d44984abc0020154ea81b247adeddcc3ac5527b975ff798bd1ba0adc513c2", size = 36658278, upload-time = "2026-08-21T23:24:25.463Z" },
    { url = "https://files.pythonhosted.org/packages/c7/0b/e1525354ff9d7d5feb6d1b31af6d14072e5c91e9607b421fa1ec889660b3/scipy-1.18.1-cp312-cp312-win_arm64.whl", hash = "sha256:d65d448389b8436493abcf629cc94ad0cf32aecaf06e1acca1de53cc795f2f12", size = 24400588, upload-time = "2026-08-21T23:24:30.579Z" },
]
